<?xml version="1.0" encoding="utf-8"?>
<Project ToolsVersion="4.0" xmlns="http://schemas.microsoft.com/developer/msbuild/2003">
  <ItemGroup>
    <Filter Include="Исходные файлы">
      <UniqueIdentifier>{4FC737F1-C7A5-4376-A066-2A32D752A2FF}</UniqueIdentifier>
      <Extensions>cpp;c;cc;cxx;c++;cppm;ixx;def;odl;idl;hpj;bat;asm;asmx</Extensions>
    </Filter>
    <Filter Include="Файлы заголовков">
      <UniqueIdentifier>{93995380-89BD-4b04-88EB-625FBE52EBFB}</UniqueIdentifier>
      <Extensions>h;hh;hpp;hxx;h++;hm;inl;inc;ipp;xsd</Extensions>
    </Filter>
    <Filter Include="Файлы ресурсов">
      <UniqueIdentifier>{67DA6AB6-F800-4c08-8B7A-83BB121AAD01}</UniqueIdentifier>
      <Extensions>rc;ico;cur;bmp;dlg;rc2;rct;bin;rgs;gif;jpg;jpeg;jpe;resx;tiff;tif;png;wav;mfcribbon-ms</Extensions>
    </Filter>
    <Filter Include="Картинки">
      <UniqueIdentifier>{466704e1-7260-4b13-9ca4-0ea331ebabe8}</UniqueIdentifier>
    </Filter>
    <Filter Include="Сохранения">
      <UniqueIdentifier>{1e856858-f1d2-4d56-b70e-e28e091f91d4}</UniqueIdentifier>
    </Filter>
    <Filter Include="Сохранения\1">
      <UniqueIdentifier>{b1bf42da-c6e8-4740-baed-98d963aa4611}</UniqueIdentifier>
    </Filter>
    <Filter Include="Сохранения\2">
      <UniqueIdentifier>{fb5b0c81-8f0e-4014-bdbc-abe0c56ef8ac}</UniqueIdentifier>
    </Filter>
    <Filter Include="Сохранения\3">
      <UniqueIdentifier>{62d8a728-370c-4caf-b56c-f84876fb61cc}</UniqueIdentifier>
    </Filter>
  </ItemGroup>
  <ItemGroup>
    <ClCompile Include="Source.cpp">
      <Filter>Исходные файлы</Filter>
    </ClCompile>
    <ClCompile Include="func.cpp">
      <Filter>Исходные файлы</Filter>
    </ClCompile>
    <ClCompile Include="HeroPhysic.cpp">
      <Filter>Исходные файлы</Filter>
    </ClCompile>
    <ClCompile Include="EnemyPhysic.cpp">
      <Filter>Исходные файлы</Filter>
    </ClCompile>
    <ClCompile Include="HeroBattle.cpp">
      <Filter>Исходные файлы</Filter>
    </ClCompile>
    <ClCompile Include="Draw.cpp">
      <Filter>Исходные файлы</Filter>
    </ClCompile>
    <ClCompile Include="LoadAndInit.cpp">
      <Filter>Исходные файлы</Filter>
    </ClCompile>
    <ClCompile Include="GameState.cpp">
      <Filter>Исходные файлы</Filter>
    </ClCompile>
    <ClCompile Include="GameLogic.cpp">
      <Filter>Исходные файлы</Filter>
    </ClCompile>
  </ItemGroup>
  <ItemGroup>
    <ClInclude Include="func.h">
      <Filter>Файлы заголовков</Filter>
    </ClInclude>
    <ClInclude Include="common_parameters.h">
      <Filter>Файлы заголовков</Filter>
    </ClInclude>
    <ClInclude Include="HeroPhysic.h">
      <Filter>Файлы заголовков</Filter>
    </ClInclude>
    <ClInclude Include="EnemyPhysic.h">
      <Filter>Файлы заголовков</Filter>
    </ClInclude>
    <ClInclude Include="HeroBattle.h">
      <Filter>Файлы заголовков</Filter>
    </ClInclude>
    <ClInclude Include="Draw.h">
      <Filter>Файлы заголовков</Filter>
    </ClInclude>
    <ClInclude Include="LoadAndInit.h">
      <Filter>Файлы заголовков</Filter>
    </ClInclude>
    <ClInclude Include="GameState.h">
      <Filter>Файлы заголовков</Filter>
    </ClInclude>
    <ClInclude Include="GameLogic.h">
      <Filter>Файлы заголовков</Filter>
    </ClInclude>
  </ItemGroup>
  <ItemGroup>
    <Image Include="Textures\BackGroundCave.png">
      <Filter>Картинки</Filter>
    </Image>
    <Image Include="Textures\barrel1.png">
      <Filter>Картинки</Filter>
    </Image>
    <Image Include="Textures\bobr.png">
      <Filter>Картинки</Filter>
    </Image>
    <Image Include="Textures\cobblestone40x40.png">
      <Filter>Картинки</Filter>
    </Image>
    <Image Include="Textures\cobblestone20x20.png">
      <Filter>Картинки</Filter>
    </Image>
    <Image Include="Textures\hpBar.png">
      <Filter>Картинки</Filter>
    </Image>
    <Image Include="Textures\mainHero26x22.png">
      <Filter>Картинки</Filter>
    </Image>
    <Image Include="Textures\woodenPlatform.png">
      <Filter>Картинки</Filter>
    </Image>
    <Image Include="Textures\hero_comm.png">
      <Filter>Картинки</Filter>
    </Image>
    <Image Include="Textures\hero_punch.png">
      <Filter>Картинки</Filter>
    </Image>
    <Image Include="Textures\hero_run.png">
      <Filter>Картинки</Filter>
    </Image>
    <Image Include="Textures\hero_bullet.png">
      <Filter>Картинки</Filter>
    </Image>
    <Image Include="Textures\trap_with_dart.png">
      <Filter>Картинки</Filter>
    </Image>
    <Image Include="Textures\pressure_plate.png">
      <Filter>Картинки</Filter>
    </Image>
    <Image Include="Textures\trap_dart.png">
      <Filter>Картинки</Filter>
    </Image>
    <Image Include="Textures\trap_spikes.png">
      <Filter>Картинки</Filter>
    </Image>
    <Image Include="Textures\overheating.png">
      <Filter>Картинки</Filter>
    </Image>
    <Image Include="Textures\buff_DMG.png">
      <Filter>Картинки</Filter>
    </Image>
    <Image Include="Textures\krab.png">
      <Filter>Картинки</Filter>
    </Image>
    <Image Include="Textures\buff_Rubber_Bullet.png">
      <Filter>Картинки</Filter>
    </Image>
  </ItemGroup>
  <ItemGroup>
    <Text Include="Enemys\Enemy.txt">
      <Filter>Файлы ресурсов</Filter>
    </Text>
    <Text Include="Enemys\Enemy1.txt">
      <Filter>Файлы ресурсов</Filter>
    </Text>
    <Text Include="Levels\Borders.txt">
      <Filter>Файлы ресурсов</Filter>
    </Text>
    <Text Include="Levels\Borders1.txt">
      <Filter>Файлы ресурсов</Filter>
    </Text>
    <Text Include="Traps\Trap.txt">
      <Filter>Файлы ресурсов</Filter>
    </Text>
    <Text Include="Saves\1\main_hero.txt">
      <Filter>Сохранения\1</Filter>
    </Text>
    <Text Include="Levels\SaveRoom1.txt">
      <Filter>Файлы ресурсов</Filter>
    </Text>
    <Text Include="Enemys\SaveRoomEnemys.txt">
      <Filter>Файлы ресурсов</Filter>
    </Text>
    <Text Include="Traps\SaveRoomTraps.txt">
      <Filter>Файлы ресурсов</Filter>
    </Text>
  </ItemGroup>
  <ItemGroup>
    <Font Include="Fonts\novem.ttf">
      <Filter>Файлы ресурсов</Filter>
    </Font>
  </ItemGroup>
</Project>